
Microsoft Visual Studio Solution File, Format Version 12.00
# Visual Studio 15
VisualStudioVersion = 15.0.26403.7
MinimumVisualStudioVersion = 10.0.40219.1
Project("{FAE04EC0-301F-11D3-BF4B-00C04F79EFBC}") = "TestArea", "TestArea\TestArea.csproj", "{D59D2EB2-8E03-41BE-90C6-55AD30986F24}"
EndProject
Project("{FAE04EC0-301F-11D3-BF4B-00C04F79EFBC}") = "ClassesP", "ClassesP\ClassesP.csproj", "{BD2A29B9-F073-4DCE-8097-F0CC9BA2CB3B}"
EndProject
Project("{FAE04EC0-301F-11D3-BF4B-00C04F79EFBC}") = "AreaTests", "AreaTests\AreaTests.csproj", "{71164F44-7026-454F-9322-2EAFDC380939}"
EndProject
Global
	GlobalSection(SolutionConfigurationPlatforms) = preSolution
		Debug|Any CPU = Debug|Any CPU
		Release|Any CPU = Release|Any CPU
	EndGlobalSection
	GlobalSection(ProjectConfigurationPlatforms) = postSolution
		{D59D2EB2-8E03-41BE-90C6-55AD30986F24}.Debug|Any CPU.ActiveCfg = Debug|Any CPU
		{D59D2EB2-8E03-41BE-90C6-55AD30986F24}.Debug|Any CPU.Build.0 = Debug|Any CPU
		{D59D2EB2-8E03-41BE-90C6-55AD30986F24}.Release|Any CPU.ActiveCfg = Release|Any CPU
		{D59D2EB2-8E03-41BE-90C6-55AD30986F24}.Release|Any CPU.Build.0 = Release|Any CPU
		{BD2A29B9-F073-4DCE-8097-F0CC9BA2CB3B}.Debug|Any CPU.ActiveCfg = Debug|Any CPU
		{BD2A29B9-F073-4DCE-8097-F0CC9BA2CB3B}.Debug|Any CPU.Build.0 = Debug|Any CPU
		{BD2A29B9-F073-4DCE-8097-F0CC9BA2CB3B}.Release|Any CPU.ActiveCfg = Release|Any CPU
		{BD2A29B9-F073-4DCE-8097-F0CC9BA2CB3B}.Release|Any CPU.Build.0 = Release|Any CPU
		{71164F44-7026-454F-9322-2EAFDC380939}.Debug|Any CPU.ActiveCfg = Debug|Any CPU
		{71164F44-7026-454F-9322-2EAFDC380939}.Debug|Any CPU.Build.0 = Debug|Any CPU
		{71164F44-7026-454F-9322-2EAFDC380939}.Release|Any CPU.ActiveCfg = Release|Any CPU
		{71164F44-7026-454F-9322-2EAFDC380939}.Release|Any CPU.Build.0 = Release|Any CPU
	EndGlobalSection
	GlobalSection(SolutionProperties) = preSolution
		HideSolutionNode = FALSE
	EndGlobalSection
EndGlobal
